
Microsoft Visual Studio Solution File, Format Version 12.00
# Visual Studio Version 17
VisualStudioVersion = 17.5.33502.453
MinimumVisualStudioVersion = 10.0.40219.1
Project("{9A19103F-16F7-4668-BE54-9A1E7A4F7556}") = "Travellers_Agent", "Travellers_Agent.csproj", "{ED34B39E-DD29-48ED-88A1-F298149BC0D9}"
EndProject
Project("{9A19103F-16F7-4668-BE54-9A1E7A4F7556}") = "Travellers", "..\Travellers\Travellers.csproj", "{500CDB6F-64C5-4A50-A4F6-A5037F30DCBF}"
EndProject
Project("{9A19103F-16F7-4668-BE54-9A1E7A4F7556}") = "Tourism_Package", "..\Tourism_Package\Tourism_Package.csproj", "{1C5135E4-7A00-4707-856A-41CDBADE9F90}"
EndProject
Global
	GlobalSection(SolutionConfigurationPlatforms) = preSolution
		Debug|Any CPU = Debug|Any CPU
		Release|Any CPU = Release|Any CPU
	EndGlobalSection
	GlobalSection(ProjectConfigurationPlatforms) = postSolution
		{ED34B39E-DD29-48ED-88A1-F298149BC0D9}.Debug|Any CPU.ActiveCfg = Debug|Any CPU
		{ED34B39E-DD29-48ED-88A1-F298149BC0D9}.Debug|Any CPU.Build.0 = Debug|Any CPU
		{ED34B39E-DD29-48ED-88A1-F298149BC0D9}.Release|Any CPU.ActiveCfg = Release|Any CPU
		{ED34B39E-DD29-48ED-88A1-F298149BC0D9}.Release|Any CPU.Build.0 = Release|Any CPU
		{500CDB6F-64C5-4A50-A4F6-A5037F30DCBF}.Debug|Any CPU.ActiveCfg = Debug|Any CPU
		{500CDB6F-64C5-4A50-A4F6-A5037F30DCBF}.Debug|Any CPU.Build.0 = Debug|Any CPU
		{500CDB6F-64C5-4A50-A4F6-A5037F30DCBF}.Release|Any CPU.ActiveCfg = Release|Any CPU
		{500CDB6F-64C5-4A50-A4F6-A5037F30DCBF}.Release|Any CPU.Build.0 = Release|Any CPU
		{1C5135E4-7A00-4707-856A-41CDBADE9F90}.Debug|Any CPU.ActiveCfg = Debug|Any CPU
		{1C5135E4-7A00-4707-856A-41CDBADE9F90}.Debug|Any CPU.Build.0 = Debug|Any CPU
		{1C5135E4-7A00-4707-856A-41CDBADE9F90}.Release|Any CPU.ActiveCfg = Release|Any CPU
		{1C5135E4-7A00-4707-856A-41CDBADE9F90}.Release|Any CPU.Build.0 = Release|Any CPU
	EndGlobalSection
	GlobalSection(SolutionProperties) = preSolution
		HideSolutionNode = FALSE
	EndGlobalSection
	GlobalSection(ExtensibilityGlobals) = postSolution
		SolutionGuid = {8E925C79-81B4-4693-8203-6B9C095CFA0C}
	EndGlobalSection
EndGlobal
